
Microsoft Visual Studio Solution File, Format Version 12.00
# Visual Studio Version 16
VisualStudioVersion = 16.0.30717.126
MinimumVisualStudioVersion = 10.0.40219.1
Project("{9A19103F-16F7-4668-BE54-9A1E7A4F7556}") = "SignalR.Local.Mobile", "SignalR.Local.Mobile\SignalR.Local.Mobile.csproj", "{3C00BA83-92E5-410E-B084-C0109F5FF727}"
EndProject
Project("{FAE04EC0-301F-11D3-BF4B-00C04F79EFBC}") = "SignalR.Local.Mobile.Android", "SignalR.Local.Mobile.Android\SignalR.Local.Mobile.Android.csproj", "{2A2F87C8-85CB-45C0-AD5F-2CFDB5340FAF}"
EndProject
Project("{FAE04EC0-301F-11D3-BF4B-00C04F79EFBC}") = "SignalR.Local.Mobile.iOS", "SignalR.Local.Mobile.iOS\SignalR.Local.Mobile.iOS.csproj", "{92974D02-65A1-4E4E-9A73-5D112C5D2A7B}"
EndProject
Project("{FAE04EC0-301F-11D3-BF4B-00C04F79EFBC}") = "SignalR.Local.Mobile.UWP", "SignalR.Local.Mobile.UWP\SignalR.Local.Mobile.UWP.csproj", "{BC56924D-5FA7-4C1A-B66A-BD209E21EBE5}"
EndProject
Global
	GlobalSection(SolutionConfigurationPlatforms) = preSolution
		Debug|Any CPU = Debug|Any CPU
		Debug|ARM = Debug|ARM
		Debug|ARM64 = Debug|ARM64
		Debug|iPhone = Debug|iPhone
		Debug|iPhoneSimulator = Debug|iPhoneSimulator
		Debug|x64 = Debug|x64
		Debug|x86 = Debug|x86
		Release|Any CPU = Release|Any CPU
		Release|ARM = Release|ARM
		Release|ARM64 = Release|ARM64
		Release|iPhone = Release|iPhone
		Release|iPhoneSimulator = Release|iPhoneSimulator
		Release|x64 = Release|x64
		Release|x86 = Release|x86
	EndGlobalSection
	GlobalSection(ProjectConfigurationPlatforms) = postSolution
		{3C00BA83-92E5-410E-B084-C0109F5FF727}.Debug|Any CPU.ActiveCfg = Debug|Any CPU
		{3C00BA83-92E5-410E-B084-C0109F5FF727}.Debug|Any CPU.Build.0 = Debug|Any CPU
		{3C00BA83-92E5-410E-B084-C0109F5FF727}.Debug|ARM.ActiveCfg = Debug|Any CPU
		{3C00BA83-92E5-410E-B084-C0109F5FF727}.Debug|ARM.Build.0 = Debug|Any CPU
		{3C00BA83-92E5-410E-B084-C0109F5FF727}.Debug|ARM64.ActiveCfg = Debug|Any CPU
		{3C00BA83-92E5-410E-B084-C0109F5FF727}.Debug|ARM64.Build.0 = Debug|Any CPU
		{3C00BA83-92E5-410E-B084-C0109F5FF727}.Debug|iPhone.ActiveCfg = Debug|Any CPU
		{3C00BA83-92E5-410E-B084-C0109F5FF727}.Debug|iPhone.Build.0 = Debug|Any CPU
		{3C00BA83-92E5-410E-B084-C0109F5FF727}.Debug|iPhoneSimulator.ActiveCfg = Debug|Any CPU
		{3C00BA83-92E5-410E-B084-C0109F5FF727}.Debug|iPhoneSimulator.Build.0 = Debug|Any CPU
		{3C00BA83-92E5-410E-B084-C0109F5FF727}.Debug|x64.ActiveCfg = Debug|Any CPU
		{3C00BA83-92E5-410E-B084-C0109F5FF727}.Debug|x64.Build.0 = Debug|Any CPU
		{3C00BA83-92E5-410E-B084-C0109F5FF727}.Debug|x86.ActiveCfg = Debug|Any CPU
		{3C00BA83-92E5-410E-B084-C0109F5FF727}.Debug|x86.Build.0 = Debug|Any CPU
		{3C00BA83-92E5-410E-B084-C0109F5FF727}.Release|Any CPU.ActiveCfg = Release|Any CPU
		{3C00BA83-92E5-410E-B084-C0109F5FF727}.Release|Any CPU.Build.0 = Release|Any CPU
		{3C00BA83-92E5-410E-B084-C0109F5FF727}.Release|ARM.ActiveCfg = Release|Any CPU
		{3C00BA83-92E5-410E-B084-C0109F5FF727}.Release|ARM.Build.0 = Release|Any CPU
		{3C00BA83-92E5-410E-B084-C0109F5FF727}.Release|ARM64.ActiveCfg = Release|Any CPU
		{3C00BA83-92E5-410E-B084-C0109F5FF727}.Release|ARM64.Build.0 = Release|Any CPU
		{3C00BA83-92E5-410E-B084-C0109F5FF727}.Release|iPhone.ActiveCfg = Release|Any CPU
		{3C00BA83-92E5-410E-B084-C0109F5FF727}.Release|iPhone.Build.0 = Release|Any CPU
		{3C00BA83-92E5-410E-B084-C0109F5FF727}.Release|iPhoneSimulator.ActiveCfg = Release|Any CPU
		{3C00BA83-92E5-410E-B084-C0109F5FF727}.Release|iPhoneSimulator.Build.0 = Release|Any CPU
		{3C00BA83-92E5-410E-B084-C0109F5FF727}.Release|x64.ActiveCfg = Release|Any CPU
		{3C00BA83-92E5-410E-B084-C0109F5FF727}.Release|x64.Build.0 = Release|Any CPU
		{3C00BA83-92E5-410E-B084-C0109F5FF727}.Release|x86.ActiveCfg = Release|Any CPU
		{3C00BA83-92E5-410E-B084-C0109F5FF727}.Release|x86.Build.0 = Release|Any CPU
		{2A2F87C8-85CB-45C0-AD5F-2CFDB5340FAF}.Debug|Any CPU.ActiveCfg = Debug|Any CPU
		{2A2F87C8-85CB-45C0-AD5F-2CFDB5340FAF}.Debug|Any CPU.Build.0 = Debug|Any CPU
		{2A2F87C8-85CB-45C0-AD5F-2CFDB5340FAF}.Debug|Any CPU.Deploy.0 = Debug|Any CPU
		{2A2F87C8-85CB-45C0-AD5F-2CFDB5340FAF}.Debug|ARM.ActiveCfg = Debug|Any CPU
		{2A2F87C8-85CB-45C0-AD5F-2CFDB5340FAF}.Debug|ARM.Build.0 = Debug|Any CPU
		{2A2F87C8-85CB-45C0-AD5F-2CFDB5340FAF}.Debug|ARM.Deploy.0 = Debug|Any CPU
		{2A2F87C8-85CB-45C0-AD5F-2CFDB5340FAF}.Debug|ARM64.ActiveCfg = Debug|Any CPU
		{2A2F87C8-85CB-45C0-AD5F-2CFDB5340FAF}.Debug|ARM64.Build.0 = Debug|Any CPU
		{2A2F87C8-85CB-45C0-AD5F-2CFDB5340FAF}.Debug|ARM64.Deploy.0 = Debug|Any CPU
		{2A2F87C8-85CB-45C0-AD5F-2CFDB5340FAF}.Debug|iPhone.ActiveCfg = Debug|Any CPU
		{2A2F87C8-85CB-45C0-AD5F-2CFDB5340FAF}.Debug|iPhone.Build.0 = Debug|Any CPU
		{2A2F87C8-85CB-45C0-AD5F-2CFDB5340FAF}.Debug|iPhone.Deploy.0 = Debug|Any CPU
		{2A2F87C8-85CB-45C0-AD5F-2CFDB5340FAF}.Debug|iPhoneSimulator.ActiveCfg = Debug|Any CPU
		{2A2F87C8-85CB-45C0-AD5F-2CFDB5340FAF}.Debug|iPhoneSimulator.Build.0 = Debug|Any CPU
		{2A2F87C8-85CB-45C0-AD5F-2CFDB5340FAF}.Debug|iPhoneSimulator.Deploy.0 = Debug|Any CPU
		{2A2F87C8-85CB-45C0-AD5F-2CFDB5340FAF}.Debug|x64.ActiveCfg = Debug|Any CPU
		{2A2F87C8-85CB-45C0-AD5F-2CFDB5340FAF}.Debug|x64.Build.0 = Debug|Any CPU
		{2A2F87C8-85CB-45C0-AD5F-2CFDB5340FAF}.Debug|x64.Deploy.0 = Debug|Any CPU
		{2A2F87C8-85CB-45C0-AD5F-2CFDB5340FAF}.Debug|x86.ActiveCfg = Debug|Any CPU
		{2A2F87C8-85CB-45C0-AD5F-2CFDB5340FAF}.Debug|x86.Build.0 = Debug|Any CPU
		{2A2F87C8-85CB-45C0-AD5F-2CFDB5340FAF}.Debug|x86.Deploy.0 = Debug|Any CPU
		{2A2F87C8-85CB-45C0-AD5F-2CFDB5340FAF}.Release|Any CPU.ActiveCfg = Release|Any CPU
		{2A2F87C8-85CB-45C0-AD5F-2CFDB5340FAF}.Release|Any CPU.Build.0 = Release|Any CPU
		{2A2F87C8-85CB-45C0-AD5F-2CFDB5340FAF}.Release|Any CPU.Deploy.0 = Release|Any CPU
		{2A2F87C8-85CB-45C0-AD5F-2CFDB5340FAF}.Release|ARM.ActiveCfg = Release|Any CPU
		{2A2F87C8-85CB-45C0-AD5F-2CFDB5340FAF}.Release|ARM.Build.0 = Release|Any CPU
		{2A2F87C8-85CB-45C0-AD5F-2CFDB5340FAF}.Release|ARM.Deploy.0 = Release|Any CPU
		{2A2F87C8-85CB-45C0-AD5F-2CFDB5340FAF}.Release|ARM64.ActiveCfg = Release|Any CPU
		{2A2F87C8-85CB-45C0-AD5F-2CFDB5340FAF}.Release|ARM64.Build.0 = Release|Any CPU
		{2A2F87C8-85CB-45C0-AD5F-2CFDB5340FAF}.Release|ARM64.Deploy.0 = Release|Any CPU
		{2A2F87C8-85CB-45C0-AD5F-2CFDB5340FAF}.Release|iPhone.ActiveCfg = Release|Any CPU
		{2A2F87C8-85CB-45C0-AD5F-2CFDB5340FAF}.Release|iPhone.Build.0 = Release|Any CPU
		{2A2F87C8-85CB-45C0-AD5F-2CFDB5340FAF}.Release|iPhone.Deploy.0 = Release|Any CPU
		{2A2F87C8-85CB-45C0-AD5F-2CFDB5340FAF}.Release|iPhoneSimulator.ActiveCfg = Release|Any CPU
		{2A2F87C8-85CB-45C0-AD5F-2CFDB5340FAF}.Release|iPhoneSimulator.Build.0 = Release|Any CPU
		{2A2F87C8-85CB-45C0-AD5F-2CFDB5340FAF}.Release|iPhoneSimulator.Deploy.0 = Release|Any CPU
		{2A2F87C8-85CB-45C0-AD5F-2CFDB5340FAF}.Release|x64.ActiveCfg = Release|Any CPU
		{2A2F87C8-85CB-45C0-AD5F-2CFDB5340FAF}.Release|x64.Build.0 = Release|Any CPU
		{2A2F87C8-85CB-45C0-AD5F-2CFDB5340FAF}.Release|x64.Deploy.0 = Release|Any CPU
		{2A2F87C8-85CB-45C0-AD5F-2CFDB5340FAF}.Release|x86.ActiveCfg = Release|Any CPU
		{2A2F87C8-85CB-45C0-AD5F-2CFDB5340FAF}.Release|x86.Build.0 = Release|Any CPU
		{2A2F87C8-85CB-45C0-AD5F-2CFDB5340FAF}.Release|x86.Deploy.0 = Release|Any CPU
		{92974D02-65A1-4E4E-9A73-5D112C5D2A7B}.Debug|Any CPU.ActiveCfg = Debug|iPhoneSimulator
		{92974D02-65A1-4E4E-9A73-5D112C5D2A7B}.Debug|ARM.ActiveCfg = Debug|iPhoneSimulator
		{92974D02-65A1-4E4E-9A73-5D112C5D2A7B}.Debug|ARM64.ActiveCfg = Debug|iPhoneSimulator
		{92974D02-65A1-4E4E-9A73-5D112C5D2A7B}.Debug|iPhone.ActiveCfg = Debug|iPhone
		{92974D02-65A1-4E4E-9A73-5D112C5D2A7B}.Debug|iPhone.Build.0 = Debug|iPhone
		{92974D02-65A1-4E4E-9A73-5D112C5D2A7B}.Debug|iPhoneSimulator.ActiveCfg = Debug|iPhoneSimulator
		{92974D02-65A1-4E4E-9A73-5D112C5D2A7B}.Debug|iPhoneSimulator.Build.0 = Debug|iPhoneSimulator
		{92974D02-65A1-4E4E-9A73-5D112C5D2A7B}.Debug|x64.ActiveCfg = Debug|iPhoneSimulator
		{92974D02-65A1-4E4E-9A73-5D112C5D2A7B}.Debug|x86.ActiveCfg = Debug|iPhoneSimulator
		{92974D02-65A1-4E4E-9A73-5D112C5D2A7B}.Release|Any CPU.ActiveCfg = Release|iPhoneSimulator
		{92974D02-65A1-4E4E-9A73-5D112C5D2A7B}.Release|ARM.ActiveCfg = Release|iPhoneSimulator
		{92974D02-65A1-4E4E-9A73-5D112C5D2A7B}.Release|ARM64.ActiveCfg = Release|iPhoneSimulator
		{92974D02-65A1-4E4E-9A73-5D112C5D2A7B}.Release|iPhone.ActiveCfg = Release|iPhone
		{92974D02-65A1-4E4E-9A73-5D112C5D2A7B}.Release|iPhone.Build.0 = Release|iPhone
		{92974D02-65A1-4E4E-9A73-5D112C5D2A7B}.Release|iPhoneSimulator.ActiveCfg = Release|iPhoneSimulator
		{92974D02-65A1-4E4E-9A73-5D112C5D2A7B}.Release|iPhoneSimulator.Build.0 = Release|iPhoneSimulator
		{92974D02-65A1-4E4E-9A73-5D112C5D2A7B}.Release|x64.ActiveCfg = Release|iPhoneSimulator
		{92974D02-65A1-4E4E-9A73-5D112C5D2A7B}.Release|x86.ActiveCfg = Release|iPhoneSimulator
		{BC56924D-5FA7-4C1A-B66A-BD209E21EBE5}.Debug|Any CPU.ActiveCfg = Debug|x86
		{BC56924D-5FA7-4C1A-B66A-BD209E21EBE5}.Debug|ARM.ActiveCfg = Debug|ARM
		{BC56924D-5FA7-4C1A-B66A-BD209E21EBE5}.Debug|ARM.Build.0 = Debug|ARM
		{BC56924D-5FA7-4C1A-B66A-BD209E21EBE5}.Debug|ARM.Deploy.0 = Debug|ARM
		{BC56924D-5FA7-4C1A-B66A-BD209E21EBE5}.Debug|ARM64.ActiveCfg = Debug|ARM64
		{BC56924D-5FA7-4C1A-B66A-BD209E21EBE5}.Debug|ARM64.Build.0 = Debug|ARM64
		{BC56924D-5FA7-4C1A-B66A-BD209E21EBE5}.Debug|ARM64.Deploy.0 = Debug|ARM64
		{BC56924D-5FA7-4C1A-B66A-BD209E21EBE5}.Debug|iPhone.ActiveCfg = Debug|x86
		{BC56924D-5FA7-4C1A-B66A-BD209E21EBE5}.Debug|iPhoneSimulator.ActiveCfg = Debug|x86
		{BC56924D-5FA7-4C1A-B66A-BD209E21EBE5}.Debug|x64.ActiveCfg = Debug|x64
		{BC56924D-5FA7-4C1A-B66A-BD209E21EBE5}.Debug|x64.Build.0 = Debug|x64
		{BC56924D-5FA7-4C1A-B66A-BD209E21EBE5}.Debug|x64.Deploy.0 = Debug|x64
		{BC56924D-5FA7-4C1A-B66A-BD209E21EBE5}.Debug|x86.ActiveCfg = Debug|x86
		{BC56924D-5FA7-4C1A-B66A-BD209E21EBE5}.Debug|x86.Build.0 = Debug|x86
		{BC56924D-5FA7-4C1A-B66A-BD209E21EBE5}.Debug|x86.Deploy.0 = Debug|x86
		{BC56924D-5FA7-4C1A-B66A-BD209E21EBE5}.Release|Any CPU.ActiveCfg = Release|x86
		{BC56924D-5FA7-4C1A-B66A-BD209E21EBE5}.Release|ARM.ActiveCfg = Release|ARM
		{BC56924D-5FA7-4C1A-B66A-BD209E21EBE5}.Release|ARM.Build.0 = Release|ARM
		{BC56924D-5FA7-4C1A-B66A-BD209E21EBE5}.Release|ARM.Deploy.0 = Release|ARM
		{BC56924D-5FA7-4C1A-B66A-BD209E21EBE5}.Release|ARM64.ActiveCfg = Release|ARM64
		{BC56924D-5FA7-4C1A-B66A-BD209E21EBE5}.Release|ARM64.Build.0 = Release|ARM64
		{BC56924D-5FA7-4C1A-B66A-BD209E21EBE5}.Release|ARM64.Deploy.0 = Release|ARM64
		{BC56924D-5FA7-4C1A-B66A-BD209E21EBE5}.Release|iPhone.ActiveCfg = Release|x86
		{BC56924D-5FA7-4C1A-B66A-BD209E21EBE5}.Release|iPhoneSimulator.ActiveCfg = Release|x86
		{BC56924D-5FA7-4C1A-B66A-BD209E21EBE5}.Release|x64.ActiveCfg = Release|x64
		{BC56924D-5FA7-4C1A-B66A-BD209E21EBE5}.Release|x64.Build.0 = Release|x64
		{BC56924D-5FA7-4C1A-B66A-BD209E21EBE5}.Release|x64.Deploy.0 = Release|x64
		{BC56924D-5FA7-4C1A-B66A-BD209E21EBE5}.Release|x86.ActiveCfg = Release|x86
		{BC56924D-5FA7-4C1A-B66A-BD209E21EBE5}.Release|x86.Build.0 = Release|x86
		{BC56924D-5FA7-4C1A-B66A-BD209E21EBE5}.Release|x86.Deploy.0 = Release|x86
	EndGlobalSection
	GlobalSection(SolutionProperties) = preSolution
		HideSolutionNode = FALSE
	EndGlobalSection
	GlobalSection(ExtensibilityGlobals) = postSolution
		SolutionGuid = {6EF3C25B-789D-489F-8655-4C945B7E9629}
	EndGlobalSection
EndGlobal
